
Microsoft Visual Studio Solution File, Format Version 12.00
# Visual Studio 15
Project("{FAE04EC0-301F-11D3-BF4B-00C04F79EFBC}") = "Microsoft.MixedReality.Toolkit.SDK", "Microsoft.MixedReality.Toolkit.SDK.csproj", "{8DC8CE64-A820-6E50-A873-7637D2658970}"
EndProject
Project("{FAE04EC0-301F-11D3-BF4B-00C04F79EFBC}") = "Microsoft.MixedReality.Toolkit.Providers.OpenVR", "Microsoft.MixedReality.Toolkit.Providers.OpenVR.csproj", "{02F861C4-DBEE-273E-6744-C264BFCB8FEE}"
EndProject
Project("{FAE04EC0-301F-11D3-BF4B-00C04F79EFBC}") = "Microsoft.MixedReality.Toolkit.Examples", "Microsoft.MixedReality.Toolkit.Examples.csproj", "{DD326F89-5F79-D637-D045-597976EDB6CC}"
EndProject
Project("{FAE04EC0-301F-11D3-BF4B-00C04F79EFBC}") = "Microsoft.MixedReality.Toolkit", "Microsoft.MixedReality.Toolkit.csproj", "{C8504F52-ABD7-B5CC-CC3B-F8AF20757B53}"
EndProject
Project("{FAE04EC0-301F-11D3-BF4B-00C04F79EFBC}") = "Microsoft.MixedReality.Toolkit.Services.SpatialAwarenessSystem", "Microsoft.MixedReality.Toolkit.Services.SpatialAwarenessSystem.csproj", "{95279DB8-DC7C-275F-689B-203632D48A2C}"
EndProject
Project("{FAE04EC0-301F-11D3-BF4B-00C04F79EFBC}") = "VuforiaScripts", "VuforiaScripts.csproj", "{EA2B3762-A938-75DD-D5EB-9F4611B2C567}"
EndProject
Project("{FAE04EC0-301F-11D3-BF4B-00C04F79EFBC}") = "Microsoft.MixedReality.Toolkit.Gltf", "Microsoft.MixedReality.Toolkit.Gltf.csproj", "{E07AC4BE-3309-5D35-9651-284A2AA8534C}"
EndProject
Project("{FAE04EC0-301F-11D3-BF4B-00C04F79EFBC}") = "Microsoft.MixedReality.Toolkit.Services.SceneSystem", "Microsoft.MixedReality.Toolkit.Services.SceneSystem.csproj", "{9A457F87-3552-6A7F-7D7A-3C32F2512E5D}"
EndProject
Project("{FAE04EC0-301F-11D3-BF4B-00C04F79EFBC}") = "Microsoft.MixedReality.Toolkit.Services.InputSystem", "Microsoft.MixedReality.Toolkit.Services.InputSystem.csproj", "{B4003DFE-03C9-D94E-4247-5CB20ACD06AA}"
EndProject
Project("{FAE04EC0-301F-11D3-BF4B-00C04F79EFBC}") = "Microsoft.MixedReality.Toolkit.Services.InputSimulation", "Microsoft.MixedReality.Toolkit.Services.InputSimulation.csproj", "{9E3EE345-BFE2-5207-57E3-595604952BD0}"
EndProject
Project("{FAE04EC0-301F-11D3-BF4B-00C04F79EFBC}") = "Microsoft.MixedReality.Toolkit.Services.InputAnimation", "Microsoft.MixedReality.Toolkit.Services.InputAnimation.csproj", "{337D858F-268E-EE10-6C19-6BDAC0780B88}"
EndProject
Project("{FAE04EC0-301F-11D3-BF4B-00C04F79EFBC}") = "Microsoft.MixedReality.Toolkit.Services.DiagnosticsSystem", "Microsoft.MixedReality.Toolkit.Services.DiagnosticsSystem.csproj", "{E0967708-DF32-77D4-DE5D-B1E60B571159}"
EndProject
Project("{FAE04EC0-301F-11D3-BF4B-00C04F79EFBC}") = "Microsoft.MixedReality.Toolkit.Demos.InspectorFields", "Microsoft.MixedReality.Toolkit.Demos.InspectorFields.csproj", "{2AE75223-81C6-13D6-3792-7C648A4BB47A}"
EndProject
Project("{FAE04EC0-301F-11D3-BF4B-00C04F79EFBC}") = "Microsoft.MixedReality.Toolkit.Async", "Microsoft.MixedReality.Toolkit.Async.csproj", "{EB7E3B1F-2186-323C-0DA7-088F89F5E80A}"
EndProject
Project("{FAE04EC0-301F-11D3-BF4B-00C04F79EFBC}") = "Microsoft.MixedReality.Toolkit.Providers.WindowsMixedReality", "Microsoft.MixedReality.Toolkit.Providers.WindowsMixedReality.csproj", "{8575CAC2-EDAC-6CBF-EFC2-8E853F1BA0E5}"
EndProject
Project("{FAE04EC0-301F-11D3-BF4B-00C04F79EFBC}") = "Microsoft.MixedReality.Toolkit.Demos.Gltf", "Microsoft.MixedReality.Toolkit.Demos.Gltf.csproj", "{183EB0D6-5197-155F-D234-9000DFA53337}"
EndProject
Project("{FAE04EC0-301F-11D3-BF4B-00C04F79EFBC}") = "Assembly-CSharp", "Assembly-CSharp.csproj", "{21C2D141-8059-E3B5-BF6E-E8E63DFE24D7}"
EndProject
Project("{FAE04EC0-301F-11D3-BF4B-00C04F79EFBC}") = "Microsoft.MixedReality.Toolkit.Providers.WindowsVoiceInput", "Microsoft.MixedReality.Toolkit.Providers.WindowsVoiceInput.csproj", "{B2135AF8-47BF-F1BB-78E8-DCF94042E8CE}"
EndProject
Project("{FAE04EC0-301F-11D3-BF4B-00C04F79EFBC}") = "Microsoft.MixedReality.Toolkit.Services.TeleportSystem", "Microsoft.MixedReality.Toolkit.Services.TeleportSystem.csproj", "{05C998A7-7A5F-8B24-EEBB-4FA340468B32}"
EndProject
Project("{FAE04EC0-301F-11D3-BF4B-00C04F79EFBC}") = "Microsoft.MixedReality.Toolkit.Services.CameraSystem", "Microsoft.MixedReality.Toolkit.Services.CameraSystem.csproj", "{083CBB6C-FE09-138B-AAC4-688F382743A1}"
EndProject
Project("{FAE04EC0-301F-11D3-BF4B-00C04F79EFBC}") = "Microsoft.MixedReality.Toolkit.Tools.Runtime", "Microsoft.MixedReality.Toolkit.Tools.Runtime.csproj", "{50209D75-C2E3-870A-E3AA-B395696B246E}"
EndProject
Project("{FAE04EC0-301F-11D3-BF4B-00C04F79EFBC}") = "Microsoft.MixedReality.Toolkit.Services.BoundarySystem", "Microsoft.MixedReality.Toolkit.Services.BoundarySystem.csproj", "{899A8AB6-00D0-46FD-E8F9-8CDD5AEC31E3}"
EndProject
Project("{FAE04EC0-301F-11D3-BF4B-00C04F79EFBC}") = "Microsoft.MixedReality.Toolkit.Demos.UX.Interactables", "Microsoft.MixedReality.Toolkit.Demos.UX.Interactables.csproj", "{9DB43066-14AE-BEDA-4524-615411E59A01}"
EndProject
Project("{FAE04EC0-301F-11D3-BF4B-00C04F79EFBC}") = "Microsoft.MixedReality.Toolkit.SDK.Inspectors", "Microsoft.MixedReality.Toolkit.SDK.Inspectors.csproj", "{C215F8BF-364E-E0DD-F5E0-0868F4091680}"
EndProject
Project("{FAE04EC0-301F-11D3-BF4B-00C04F79EFBC}") = "Microsoft.MixedReality.Toolkit.Editor.Inspectors", "Microsoft.MixedReality.Toolkit.Editor.Inspectors.csproj", "{A3B03AAC-1EEC-9C35-B420-7F898FC744D0}"
EndProject
Project("{FAE04EC0-301F-11D3-BF4B-00C04F79EFBC}") = "Microsoft.MixedReality.Toolkit.Editor.ServiceInspectors", "Microsoft.MixedReality.Toolkit.Editor.ServiceInspectors.csproj", "{3A508BA9-9478-4533-8B40-4E35D438E7FD}"
EndProject
Project("{FAE04EC0-301F-11D3-BF4B-00C04F79EFBC}") = "Microsoft.MixedReality.Toolkit.MSBuild", "Microsoft.MixedReality.Toolkit.MSBuild.csproj", "{C8DF421E-F00C-93C0-5DAA-260E6D221018}"
EndProject
Project("{FAE04EC0-301F-11D3-BF4B-00C04F79EFBC}") = "Microsoft.MixedReality.Toolkit.Demos.InspectorFields.Inspectors", "Microsoft.MixedReality.Toolkit.Demos.InspectorFields.Inspectors.csproj", "{8B7094DB-EDD6-2BDC-0F49-CC7E24435862}"
EndProject
Project("{FAE04EC0-301F-11D3-BF4B-00C04F79EFBC}") = "Microsoft.MixedReality.Toolkit.Editor.Utilities", "Microsoft.MixedReality.Toolkit.Editor.Utilities.csproj", "{237A68A9-6997-16BF-74F2-7D0D241F5B71}"
EndProject
Project("{FAE04EC0-301F-11D3-BF4B-00C04F79EFBC}") = "Microsoft.MixedReality.Toolkit.Tools", "Microsoft.MixedReality.Toolkit.Tools.csproj", "{8EC6A911-8FEB-7E01-F051-9E7749DDC53A}"
EndProject
Project("{FAE04EC0-301F-11D3-BF4B-00C04F79EFBC}") = "Microsoft.MixedReality.Toolkit.Providers.ObjectMeshObserver", "Microsoft.MixedReality.Toolkit.Providers.ObjectMeshObserver.csproj", "{568AF3F9-08A1-FD6C-3A15-9C0F220C94CB}"
EndProject
Project("{FAE04EC0-301F-11D3-BF4B-00C04F79EFBC}") = "Microsoft.MixedReality.Toolkit.Editor.ClassExtensions", "Microsoft.MixedReality.Toolkit.Editor.ClassExtensions.csproj", "{83667691-C5D8-8D08-A992-F4E95260C7B6}"
EndProject
Project("{FAE04EC0-301F-11D3-BF4B-00C04F79EFBC}") = "Microsoft.MixedReality.Toolkit.Gltf.Importers", "Microsoft.MixedReality.Toolkit.Gltf.Importers.csproj", "{3A598947-FFB7-71AA-F1B1-9843839240F8}"
EndProject
Project("{FAE04EC0-301F-11D3-BF4B-00C04F79EFBC}") = "Microsoft.MixedReality.Toolkit.Editor.BuildAndDeploy", "Microsoft.MixedReality.Toolkit.Editor.BuildAndDeploy.csproj", "{D74E7D9C-A924-4929-8B2C-BBF8E38BB8D1}"
EndProject
Project("{FAE04EC0-301F-11D3-BF4B-00C04F79EFBC}") = "Microsoft.MixedReality.Toolkit.Services.InputSimulation.Editor", "Microsoft.MixedReality.Toolkit.Services.InputSimulation.Editor.csproj", "{7DB12509-EB14-7F97-FFF5-2B7E3B6BA607}"
EndProject
Project("{FAE04EC0-301F-11D3-BF4B-00C04F79EFBC}") = "Microsoft.MixedReality.Toolkit.Examples.Editor.Inspectors", "Microsoft.MixedReality.Toolkit.Examples.Editor.Inspectors.csproj", "{5DB267FF-6E6E-6E25-3C27-59D0A531F5B2}"
EndProject
Project("{FAE04EC0-301F-11D3-BF4B-00C04F79EFBC}") = "VuforiaEditorScripts", "VuforiaEditorScripts.csproj", "{E38991A4-2522-83F7-1E97-8367FBFC4391}"
EndProject
Project("{FAE04EC0-301F-11D3-BF4B-00C04F79EFBC}") = "Microsoft.MixedReality.Toolkit.Demos.StandardShader.Inspectors", "Microsoft.MixedReality.Toolkit.Demos.StandardShader.Inspectors.csproj", "{AA90F7CB-9E78-DD95-56DA-97B9FDBD9C80}"
EndProject
Project("{FAE04EC0-301F-11D3-BF4B-00C04F79EFBC}") = "Microsoft.MixedReality.Toolkit.Services.InputSystem.Editor", "Microsoft.MixedReality.Toolkit.Services.InputSystem.Editor.csproj", "{DB3E9633-A710-A0C0-D118-1E56F31D82CE}"
EndProject
Project("{FAE04EC0-301F-11D3-BF4B-00C04F79EFBC}") = "Microsoft.MixedReality.Toolkit.Demos.Gltf.Inspectors", "Microsoft.MixedReality.Toolkit.Demos.Gltf.Inspectors.csproj", "{082FAB9C-3969-AE43-9147-92CD0E55CDDE}"
EndProject
Global
	GlobalSection(SolutionConfigurationPlatforms) = preSolution
		Debug|Any CPU = Debug|Any CPU
		Release|Any CPU = Release|Any CPU
	EndGlobalSection
	GlobalSection(ProjectConfigurationPlatforms) = postSolution
		{8DC8CE64-A820-6E50-A873-7637D2658970}.Debug|Any CPU.ActiveCfg = Debug|Any CPU
		{8DC8CE64-A820-6E50-A873-7637D2658970}.Debug|Any CPU.Build.0 = Debug|Any CPU
		{8DC8CE64-A820-6E50-A873-7637D2658970}.Release|Any CPU.ActiveCfg = Release|Any CPU
		{8DC8CE64-A820-6E50-A873-7637D2658970}.Release|Any CPU.Build.0 = Release|Any CPU
		{02F861C4-DBEE-273E-6744-C264BFCB8FEE}.Debug|Any CPU.ActiveCfg = Debug|Any CPU
		{02F861C4-DBEE-273E-6744-C264BFCB8FEE}.Debug|Any CPU.Build.0 = Debug|Any CPU
		{02F861C4-DBEE-273E-6744-C264BFCB8FEE}.Release|Any CPU.ActiveCfg = Release|Any CPU
		{02F861C4-DBEE-273E-6744-C264BFCB8FEE}.Release|Any CPU.Build.0 = Release|Any CPU
		{DD326F89-5F79-D637-D045-597976EDB6CC}.Debug|Any CPU.ActiveCfg = Debug|Any CPU
		{DD326F89-5F79-D637-D045-597976EDB6CC}.Debug|Any CPU.Build.0 = Debug|Any CPU
		{DD326F89-5F79-D637-D045-597976EDB6CC}.Release|Any CPU.ActiveCfg = Release|Any CPU
		{DD326F89-5F79-D637-D045-597976EDB6CC}.Release|Any CPU.Build.0 = Release|Any CPU
		{C8504F52-ABD7-B5CC-CC3B-F8AF20757B53}.Debug|Any CPU.ActiveCfg = Debug|Any CPU
		{C8504F52-ABD7-B5CC-CC3B-F8AF20757B53}.Debug|Any CPU.Build.0 = Debug|Any CPU
		{C8504F52-ABD7-B5CC-CC3B-F8AF20757B53}.Release|Any CPU.ActiveCfg = Release|Any CPU
		{C8504F52-ABD7-B5CC-CC3B-F8AF20757B53}.Release|Any CPU.Build.0 = Release|Any CPU
		{95279DB8-DC7C-275F-689B-203632D48A2C}.Debug|Any CPU.ActiveCfg = Debug|Any CPU
		{95279DB8-DC7C-275F-689B-203632D48A2C}.Debug|Any CPU.Build.0 = Debug|Any CPU
		{95279DB8-DC7C-275F-689B-203632D48A2C}.Release|Any CPU.ActiveCfg = Release|Any CPU
		{95279DB8-DC7C-275F-689B-203632D48A2C}.Release|Any CPU.Build.0 = Release|Any CPU
		{EA2B3762-A938-75DD-D5EB-9F4611B2C567}.Debug|Any CPU.ActiveCfg = Debug|Any CPU
		{EA2B3762-A938-75DD-D5EB-9F4611B2C567}.Debug|Any CPU.Build.0 = Debug|Any CPU
		{EA2B3762-A938-75DD-D5EB-9F4611B2C567}.Release|Any CPU.ActiveCfg = Release|Any CPU
		{EA2B3762-A938-75DD-D5EB-9F4611B2C567}.Release|Any CPU.Build.0 = Release|Any CPU
		{E07AC4BE-3309-5D35-9651-284A2AA8534C}.Debug|Any CPU.ActiveCfg = Debug|Any CPU
		{E07AC4BE-3309-5D35-9651-284A2AA8534C}.Debug|Any CPU.Build.0 = Debug|Any CPU
		{E07AC4BE-3309-5D35-9651-284A2AA8534C}.Release|Any CPU.ActiveCfg = Release|Any CPU
		{E07AC4BE-3309-5D35-9651-284A2AA8534C}.Release|Any CPU.Build.0 = Release|Any CPU
		{9A457F87-3552-6A7F-7D7A-3C32F2512E5D}.Debug|Any CPU.ActiveCfg = Debug|Any CPU
		{9A457F87-3552-6A7F-7D7A-3C32F2512E5D}.Debug|Any CPU.Build.0 = Debug|Any CPU
		{9A457F87-3552-6A7F-7D7A-3C32F2512E5D}.Release|Any CPU.ActiveCfg = Release|Any CPU
		{9A457F87-3552-6A7F-7D7A-3C32F2512E5D}.Release|Any CPU.Build.0 = Release|Any CPU
		{B4003DFE-03C9-D94E-4247-5CB20ACD06AA}.Debug|Any CPU.ActiveCfg = Debug|Any CPU
		{B4003DFE-03C9-D94E-4247-5CB20ACD06AA}.Debug|Any CPU.Build.0 = Debug|Any CPU
		{B4003DFE-03C9-D94E-4247-5CB20ACD06AA}.Release|Any CPU.ActiveCfg = Release|Any CPU
		{B4003DFE-03C9-D94E-4247-5CB20ACD06AA}.Release|Any CPU.Build.0 = Release|Any CPU
		{9E3EE345-BFE2-5207-57E3-595604952BD0}.Debug|Any CPU.ActiveCfg = Debug|Any CPU
		{9E3EE345-BFE2-5207-57E3-595604952BD0}.Debug|Any CPU.Build.0 = Debug|Any CPU
		{9E3EE345-BFE2-5207-57E3-595604952BD0}.Release|Any CPU.ActiveCfg = Release|Any CPU
		{9E3EE345-BFE2-5207-57E3-595604952BD0}.Release|Any CPU.Build.0 = Release|Any CPU
		{337D858F-268E-EE10-6C19-6BDAC0780B88}.Debug|Any CPU.ActiveCfg = Debug|Any CPU
		{337D858F-268E-EE10-6C19-6BDAC0780B88}.Debug|Any CPU.Build.0 = Debug|Any CPU
		{337D858F-268E-EE10-6C19-6BDAC0780B88}.Release|Any CPU.ActiveCfg = Release|Any CPU
		{337D858F-268E-EE10-6C19-6BDAC0780B88}.Release|Any CPU.Build.0 = Release|Any CPU
		{E0967708-DF32-77D4-DE5D-B1E60B571159}.Debug|Any CPU.ActiveCfg = Debug|Any CPU
		{E0967708-DF32-77D4-DE5D-B1E60B571159}.Debug|Any CPU.Build.0 = Debug|Any CPU
		{E0967708-DF32-77D4-DE5D-B1E60B571159}.Release|Any CPU.ActiveCfg = Release|Any CPU
		{E0967708-DF32-77D4-DE5D-B1E60B571159}.Release|Any CPU.Build.0 = Release|Any CPU
		{2AE75223-81C6-13D6-3792-7C648A4BB47A}.Debug|Any CPU.ActiveCfg = Debug|Any CPU
		{2AE75223-81C6-13D6-3792-7C648A4BB47A}.Debug|Any CPU.Build.0 = Debug|Any CPU
		{2AE75223-81C6-13D6-3792-7C648A4BB47A}.Release|Any CPU.ActiveCfg = Release|Any CPU
		{2AE75223-81C6-13D6-3792-7C648A4BB47A}.Release|Any CPU.Build.0 = Release|Any CPU
		{EB7E3B1F-2186-323C-0DA7-088F89F5E80A}.Debug|Any CPU.ActiveCfg = Debug|Any CPU
		{EB7E3B1F-2186-323C-0DA7-088F89F5E80A}.Debug|Any CPU.Build.0 = Debug|Any CPU
		{EB7E3B1F-2186-323C-0DA7-088F89F5E80A}.Release|Any CPU.ActiveCfg = Release|Any CPU
		{EB7E3B1F-2186-323C-0DA7-088F89F5E80A}.Release|Any CPU.Build.0 = Release|Any CPU
		{8575CAC2-EDAC-6CBF-EFC2-8E853F1BA0E5}.Debug|Any CPU.ActiveCfg = Debug|Any CPU
		{8575CAC2-EDAC-6CBF-EFC2-8E853F1BA0E5}.Debug|Any CPU.Build.0 = Debug|Any CPU
		{8575CAC2-EDAC-6CBF-EFC2-8E853F1BA0E5}.Release|Any CPU.ActiveCfg = Release|Any CPU
		{8575CAC2-EDAC-6CBF-EFC2-8E853F1BA0E5}.Release|Any CPU.Build.0 = Release|Any CPU
		{183EB0D6-5197-155F-D234-9000DFA53337}.Debug|Any CPU.ActiveCfg = Debug|Any CPU
		{183EB0D6-5197-155F-D234-9000DFA53337}.Debug|Any CPU.Build.0 = Debug|Any CPU
		{183EB0D6-5197-155F-D234-9000DFA53337}.Release|Any CPU.ActiveCfg = Release|Any CPU
		{183EB0D6-5197-155F-D234-9000DFA53337}.Release|Any CPU.Build.0 = Release|Any CPU
		{21C2D141-8059-E3B5-BF6E-E8E63DFE24D7}.Debug|Any CPU.ActiveCfg = Debug|Any CPU
		{21C2D141-8059-E3B5-BF6E-E8E63DFE24D7}.Debug|Any CPU.Build.0 = Debug|Any CPU
		{21C2D141-8059-E3B5-BF6E-E8E63DFE24D7}.Release|Any CPU.ActiveCfg = Release|Any CPU
		{21C2D141-8059-E3B5-BF6E-E8E63DFE24D7}.Release|Any CPU.Build.0 = Release|Any CPU
		{B2135AF8-47BF-F1BB-78E8-DCF94042E8CE}.Debug|Any CPU.ActiveCfg = Debug|Any CPU
		{B2135AF8-47BF-F1BB-78E8-DCF94042E8CE}.Debug|Any CPU.Build.0 = Debug|Any CPU
		{B2135AF8-47BF-F1BB-78E8-DCF94042E8CE}.Release|Any CPU.ActiveCfg = Release|Any CPU
		{B2135AF8-47BF-F1BB-78E8-DCF94042E8CE}.Release|Any CPU.Build.0 = Release|Any CPU
		{05C998A7-7A5F-8B24-EEBB-4FA340468B32}.Debug|Any CPU.ActiveCfg = Debug|Any CPU
		{05C998A7-7A5F-8B24-EEBB-4FA340468B32}.Debug|Any CPU.Build.0 = Debug|Any CPU
		{05C998A7-7A5F-8B24-EEBB-4FA340468B32}.Release|Any CPU.ActiveCfg = Release|Any CPU
		{05C998A7-7A5F-8B24-EEBB-4FA340468B32}.Release|Any CPU.Build.0 = Release|Any CPU
		{083CBB6C-FE09-138B-AAC4-688F382743A1}.Debug|Any CPU.ActiveCfg = Debug|Any CPU
		{083CBB6C-FE09-138B-AAC4-688F382743A1}.Debug|Any CPU.Build.0 = Debug|Any CPU
		{083CBB6C-FE09-138B-AAC4-688F382743A1}.Release|Any CPU.ActiveCfg = Release|Any CPU
		{083CBB6C-FE09-138B-AAC4-688F382743A1}.Release|Any CPU.Build.0 = Release|Any CPU
		{50209D75-C2E3-870A-E3AA-B395696B246E}.Debug|Any CPU.ActiveCfg = Debug|Any CPU
		{50209D75-C2E3-870A-E3AA-B395696B246E}.Debug|Any CPU.Build.0 = Debug|Any CPU
		{50209D75-C2E3-870A-E3AA-B395696B246E}.Release|Any CPU.ActiveCfg = Release|Any CPU
		{50209D75-C2E3-870A-E3AA-B395696B246E}.Release|Any CPU.Build.0 = Release|Any CPU
		{899A8AB6-00D0-46FD-E8F9-8CDD5AEC31E3}.Debug|Any CPU.ActiveCfg = Debug|Any CPU
		{899A8AB6-00D0-46FD-E8F9-8CDD5AEC31E3}.Debug|Any CPU.Build.0 = Debug|Any CPU
		{899A8AB6-00D0-46FD-E8F9-8CDD5AEC31E3}.Release|Any CPU.ActiveCfg = Release|Any CPU
		{899A8AB6-00D0-46FD-E8F9-8CDD5AEC31E3}.Release|Any CPU.Build.0 = Release|Any CPU
		{9DB43066-14AE-BEDA-4524-615411E59A01}.Debug|Any CPU.ActiveCfg = Debug|Any CPU
		{9DB43066-14AE-BEDA-4524-615411E59A01}.Debug|Any CPU.Build.0 = Debug|Any CPU
		{9DB43066-14AE-BEDA-4524-615411E59A01}.Release|Any CPU.ActiveCfg = Release|Any CPU
		{9DB43066-14AE-BEDA-4524-615411E59A01}.Release|Any CPU.Build.0 = Release|Any CPU
		{C215F8BF-364E-E0DD-F5E0-0868F4091680}.Debug|Any CPU.ActiveCfg = Debug|Any CPU
		{C215F8BF-364E-E0DD-F5E0-0868F4091680}.Debug|Any CPU.Build.0 = Debug|Any CPU
		{C215F8BF-364E-E0DD-F5E0-0868F4091680}.Release|Any CPU.ActiveCfg = Release|Any CPU
		{C215F8BF-364E-E0DD-F5E0-0868F4091680}.Release|Any CPU.Build.0 = Release|Any CPU
		{A3B03AAC-1EEC-9C35-B420-7F898FC744D0}.Debug|Any CPU.ActiveCfg = Debug|Any CPU
		{A3B03AAC-1EEC-9C35-B420-7F898FC744D0}.Debug|Any CPU.Build.0 = Debug|Any CPU
		{A3B03AAC-1EEC-9C35-B420-7F898FC744D0}.Release|Any CPU.ActiveCfg = Release|Any CPU
		{A3B03AAC-1EEC-9C35-B420-7F898FC744D0}.Release|Any CPU.Build.0 = Release|Any CPU
		{3A508BA9-9478-4533-8B40-4E35D438E7FD}.Debug|Any CPU.ActiveCfg = Debug|Any CPU
		{3A508BA9-9478-4533-8B40-4E35D438E7FD}.Debug|Any CPU.Build.0 = Debug|Any CPU
		{3A508BA9-9478-4533-8B40-4E35D438E7FD}.Release|Any CPU.ActiveCfg = Release|Any CPU
		{3A508BA9-9478-4533-8B40-4E35D438E7FD}.Release|Any CPU.Build.0 = Release|Any CPU
		{C8DF421E-F00C-93C0-5DAA-260E6D221018}.Debug|Any CPU.ActiveCfg = Debug|Any CPU
		{C8DF421E-F00C-93C0-5DAA-260E6D221018}.Debug|Any CPU.Build.0 = Debug|Any CPU
		{C8DF421E-F00C-93C0-5DAA-260E6D221018}.Release|Any CPU.ActiveCfg = Release|Any CPU
		{C8DF421E-F00C-93C0-5DAA-260E6D221018}.Release|Any CPU.Build.0 = Release|Any CPU
		{8B7094DB-EDD6-2BDC-0F49-CC7E24435862}.Debug|Any CPU.ActiveCfg = Debug|Any CPU
		{8B7094DB-EDD6-2BDC-0F49-CC7E24435862}.Debug|Any CPU.Build.0 = Debug|Any CPU
		{8B7094DB-EDD6-2BDC-0F49-CC7E24435862}.Release|Any CPU.ActiveCfg = Release|Any CPU
		{8B7094DB-EDD6-2BDC-0F49-CC7E24435862}.Release|Any CPU.Build.0 = Release|Any CPU
		{237A68A9-6997-16BF-74F2-7D0D241F5B71}.Debug|Any CPU.ActiveCfg = Debug|Any CPU
		{237A68A9-6997-16BF-74F2-7D0D241F5B71}.Debug|Any CPU.Build.0 = Debug|Any CPU
		{237A68A9-6997-16BF-74F2-7D0D241F5B71}.Release|Any CPU.ActiveCfg = Release|Any CPU
		{237A68A9-6997-16BF-74F2-7D0D241F5B71}.Release|Any CPU.Build.0 = Release|Any CPU
		{8EC6A911-8FEB-7E01-F051-9E7749DDC53A}.Debug|Any CPU.ActiveCfg = Debug|Any CPU
		{8EC6A911-8FEB-7E01-F051-9E7749DDC53A}.Debug|Any CPU.Build.0 = Debug|Any CPU
		{8EC6A911-8FEB-7E01-F051-9E7749DDC53A}.Release|Any CPU.ActiveCfg = Release|Any CPU
		{8EC6A911-8FEB-7E01-F051-9E7749DDC53A}.Release|Any CPU.Build.0 = Release|Any CPU
		{568AF3F9-08A1-FD6C-3A15-9C0F220C94CB}.Debug|Any CPU.ActiveCfg = Debug|Any CPU
		{568AF3F9-08A1-FD6C-3A15-9C0F220C94CB}.Debug|Any CPU.Build.0 = Debug|Any CPU
		{568AF3F9-08A1-FD6C-3A15-9C0F220C94CB}.Release|Any CPU.ActiveCfg = Release|Any CPU
		{568AF3F9-08A1-FD6C-3A15-9C0F220C94CB}.Release|Any CPU.Build.0 = Release|Any CPU
		{83667691-C5D8-8D08-A992-F4E95260C7B6}.Debug|Any CPU.ActiveCfg = Debug|Any CPU
		{83667691-C5D8-8D08-A992-F4E95260C7B6}.Debug|Any CPU.Build.0 = Debug|Any CPU
		{83667691-C5D8-8D08-A992-F4E95260C7B6}.Release|Any CPU.ActiveCfg = Release|Any CPU
		{83667691-C5D8-8D08-A992-F4E95260C7B6}.Release|Any CPU.Build.0 = Release|Any CPU
		{3A598947-FFB7-71AA-F1B1-9843839240F8}.Debug|Any CPU.ActiveCfg = Debug|Any CPU
		{3A598947-FFB7-71AA-F1B1-9843839240F8}.Debug|Any CPU.Build.0 = Debug|Any CPU
		{3A598947-FFB7-71AA-F1B1-9843839240F8}.Release|Any CPU.ActiveCfg = Release|Any CPU
		{3A598947-FFB7-71AA-F1B1-9843839240F8}.Release|Any CPU.Build.0 = Release|Any CPU
		{D74E7D9C-A924-4929-8B2C-BBF8E38BB8D1}.Debug|Any CPU.ActiveCfg = Debug|Any CPU
		{D74E7D9C-A924-4929-8B2C-BBF8E38BB8D1}.Debug|Any CPU.Build.0 = Debug|Any CPU
		{D74E7D9C-A924-4929-8B2C-BBF8E38BB8D1}.Release|Any CPU.ActiveCfg = Release|Any CPU
		{D74E7D9C-A924-4929-8B2C-BBF8E38BB8D1}.Release|Any CPU.Build.0 = Release|Any CPU
		{7DB12509-EB14-7F97-FFF5-2B7E3B6BA607}.Debug|Any CPU.ActiveCfg = Debug|Any CPU
		{7DB12509-EB14-7F97-FFF5-2B7E3B6BA607}.Debug|Any CPU.Build.0 = Debug|Any CPU
		{7DB12509-EB14-7F97-FFF5-2B7E3B6BA607}.Release|Any CPU.ActiveCfg = Release|Any CPU
		{7DB12509-EB14-7F97-FFF5-2B7E3B6BA607}.Release|Any CPU.Build.0 = Release|Any CPU
		{5DB267FF-6E6E-6E25-3C27-59D0A531F5B2}.Debug|Any CPU.ActiveCfg = Debug|Any CPU
		{5DB267FF-6E6E-6E25-3C27-59D0A531F5B2}.Debug|Any CPU.Build.0 = Debug|Any CPU
		{5DB267FF-6E6E-6E25-3C27-59D0A531F5B2}.Release|Any CPU.ActiveCfg = Release|Any CPU
		{5DB267FF-6E6E-6E25-3C27-59D0A531F5B2}.Release|Any CPU.Build.0 = Release|Any CPU
		{E38991A4-2522-83F7-1E97-8367FBFC4391}.Debug|Any CPU.ActiveCfg = Debug|Any CPU
		{E38991A4-2522-83F7-1E97-8367FBFC4391}.Debug|Any CPU.Build.0 = Debug|Any CPU
		{E38991A4-2522-83F7-1E97-8367FBFC4391}.Release|Any CPU.ActiveCfg = Release|Any CPU
		{E38991A4-2522-83F7-1E97-8367FBFC4391}.Release|Any CPU.Build.0 = Release|Any CPU
		{AA90F7CB-9E78-DD95-56DA-97B9FDBD9C80}.Debug|Any CPU.ActiveCfg = Debug|Any CPU
		{AA90F7CB-9E78-DD95-56DA-97B9FDBD9C80}.Debug|Any CPU.Build.0 = Debug|Any CPU
		{AA90F7CB-9E78-DD95-56DA-97B9FDBD9C80}.Release|Any CPU.ActiveCfg = Release|Any CPU
		{AA90F7CB-9E78-DD95-56DA-97B9FDBD9C80}.Release|Any CPU.Build.0 = Release|Any CPU
		{DB3E9633-A710-A0C0-D118-1E56F31D82CE}.Debug|Any CPU.ActiveCfg = Debug|Any CPU
		{DB3E9633-A710-A0C0-D118-1E56F31D82CE}.Debug|Any CPU.Build.0 = Debug|Any CPU
		{DB3E9633-A710-A0C0-D118-1E56F31D82CE}.Release|Any CPU.ActiveCfg = Release|Any CPU
		{DB3E9633-A710-A0C0-D118-1E56F31D82CE}.Release|Any CPU.Build.0 = Release|Any CPU
		{082FAB9C-3969-AE43-9147-92CD0E55CDDE}.Debug|Any CPU.ActiveCfg = Debug|Any CPU
		{082FAB9C-3969-AE43-9147-92CD0E55CDDE}.Debug|Any CPU.Build.0 = Debug|Any CPU
		{082FAB9C-3969-AE43-9147-92CD0E55CDDE}.Release|Any CPU.ActiveCfg = Release|Any CPU
		{082FAB9C-3969-AE43-9147-92CD0E55CDDE}.Release|Any CPU.Build.0 = Release|Any CPU
	EndGlobalSection
	GlobalSection(SolutionProperties) = preSolution
		HideSolutionNode = FALSE
	EndGlobalSection
EndGlobal
